
Microsoft Visual Studio Solution File, Format Version 12.00
# Visual Studio Version 16
VisualStudioVersion = 16.0.30517.126
MinimumVisualStudioVersion = 10.0.40219.1
Project("{FAE04EC0-301F-11D3-BF4B-00C04F79EFBC}") = "ConsoleSorter", "ConsokeSorter\ConsoleSorter.csproj", "{FEFEE033-B1AE-463F-9EBB-43C6938094DC}"
EndProject
Project("{FAE04EC0-301F-11D3-BF4B-00C04F79EFBC}") = "TextGenerator", "TextGenerator\TextGenerator.csproj", "{792D42D3-48F8-47FA-B23E-E0A0A70D530E}"
EndProject
Project("{FAE04EC0-301F-11D3-BF4B-00C04F79EFBC}") = "SortLibrary", "SortLibrary\SortLibrary.csproj", "{BF0867C6-897A-47E9-9AF0-430980A68526}"
EndProject
Project("{FAE04EC0-301F-11D3-BF4B-00C04F79EFBC}") = "SorterApplication", "SorterApplication\SorterApplication.csproj", "{6B1C6F75-5CDE-41AA-BAAE-3201F0CB8222}"
EndProject
Global
	GlobalSection(SolutionConfigurationPlatforms) = preSolution
		Debug|Any CPU = Debug|Any CPU
		Release|Any CPU = Release|Any CPU
	EndGlobalSection
	GlobalSection(ProjectConfigurationPlatforms) = postSolution
		{FEFEE033-B1AE-463F-9EBB-43C6938094DC}.Debug|Any CPU.ActiveCfg = Debug|Any CPU
		{FEFEE033-B1AE-463F-9EBB-43C6938094DC}.Debug|Any CPU.Build.0 = Debug|Any CPU
		{FEFEE033-B1AE-463F-9EBB-43C6938094DC}.Release|Any CPU.ActiveCfg = Release|Any CPU
		{FEFEE033-B1AE-463F-9EBB-43C6938094DC}.Release|Any CPU.Build.0 = Release|Any CPU
		{792D42D3-48F8-47FA-B23E-E0A0A70D530E}.Debug|Any CPU.ActiveCfg = Debug|Any CPU
		{792D42D3-48F8-47FA-B23E-E0A0A70D530E}.Debug|Any CPU.Build.0 = Debug|Any CPU
		{792D42D3-48F8-47FA-B23E-E0A0A70D530E}.Release|Any CPU.ActiveCfg = Release|Any CPU
		{792D42D3-48F8-47FA-B23E-E0A0A70D530E}.Release|Any CPU.Build.0 = Release|Any CPU
		{BF0867C6-897A-47E9-9AF0-430980A68526}.Debug|Any CPU.ActiveCfg = Debug|Any CPU
		{BF0867C6-897A-47E9-9AF0-430980A68526}.Debug|Any CPU.Build.0 = Debug|Any CPU
		{BF0867C6-897A-47E9-9AF0-430980A68526}.Release|Any CPU.ActiveCfg = Release|Any CPU
		{BF0867C6-897A-47E9-9AF0-430980A68526}.Release|Any CPU.Build.0 = Release|Any CPU
		{6B1C6F75-5CDE-41AA-BAAE-3201F0CB8222}.Debug|Any CPU.ActiveCfg = Debug|Any CPU
		{6B1C6F75-5CDE-41AA-BAAE-3201F0CB8222}.Debug|Any CPU.Build.0 = Debug|Any CPU
		{6B1C6F75-5CDE-41AA-BAAE-3201F0CB8222}.Release|Any CPU.ActiveCfg = Release|Any CPU
		{6B1C6F75-5CDE-41AA-BAAE-3201F0CB8222}.Release|Any CPU.Build.0 = Release|Any CPU
	EndGlobalSection
	GlobalSection(SolutionProperties) = preSolution
		HideSolutionNode = FALSE
	EndGlobalSection
	GlobalSection(ExtensibilityGlobals) = postSolution
		SolutionGuid = {8ED6FBFC-D0A7-4E5C-84EF-71C871D40918}
	EndGlobalSection
EndGlobal
