
Microsoft Visual Studio Solution File, Format Version 12.00
# Visual Studio Version 16
VisualStudioVersion = 16.0.30611.23
MinimumVisualStudioVersion = 10.0.40219.1
Project("{FAE04EC0-301F-11D3-BF4B-00C04F79EFBC}") = "PhotoShop", "WindowsFormsApp1\PhotoShop.csproj", "{B80DDAE2-F5D3-4855-A2D6-9F02D7B2BFD8}"
EndProject
Project("{FAE04EC0-301F-11D3-BF4B-00C04F79EFBC}") = "WpfApp", "WpfApp\WpfApp.csproj", "{F3855F50-CEC6-4D44-B81F-CB0DA649884E}"
EndProject
Global
	GlobalSection(SolutionConfigurationPlatforms) = preSolution
		Debug|Any CPU = Debug|Any CPU
		Release|Any CPU = Release|Any CPU
	EndGlobalSection
	GlobalSection(ProjectConfigurationPlatforms) = postSolution
		{B80DDAE2-F5D3-4855-A2D6-9F02D7B2BFD8}.Debug|Any CPU.ActiveCfg = Debug|Any CPU
		{B80DDAE2-F5D3-4855-A2D6-9F02D7B2BFD8}.Debug|Any CPU.Build.0 = Debug|Any CPU
		{B80DDAE2-F5D3-4855-A2D6-9F02D7B2BFD8}.Release|Any CPU.ActiveCfg = Release|Any CPU
		{B80DDAE2-F5D3-4855-A2D6-9F02D7B2BFD8}.Release|Any CPU.Build.0 = Release|Any CPU
		{F3855F50-CEC6-4D44-B81F-CB0DA649884E}.Debug|Any CPU.ActiveCfg = Debug|Any CPU
		{F3855F50-CEC6-4D44-B81F-CB0DA649884E}.Debug|Any CPU.Build.0 = Debug|Any CPU
		{F3855F50-CEC6-4D44-B81F-CB0DA649884E}.Release|Any CPU.ActiveCfg = Release|Any CPU
		{F3855F50-CEC6-4D44-B81F-CB0DA649884E}.Release|Any CPU.Build.0 = Release|Any CPU
	EndGlobalSection
	GlobalSection(SolutionProperties) = preSolution
		HideSolutionNode = FALSE
	EndGlobalSection
	GlobalSection(ExtensibilityGlobals) = postSolution
		SolutionGuid = {4AD032A3-789D-41ED-B066-424035A93F00}
	EndGlobalSection
EndGlobal
